
Microsoft Visual Studio Solution File, Format Version 12.00
# Visual Studio Version 17
VisualStudioVersion = 17.9.34723.18
MinimumVisualStudioVersion = 10.0.40219.1
Project("{FAE04EC0-301F-11D3-BF4B-00C04F79EFBC}") = "Sqrs", "Sqrs\Sqrs.csproj", "{CBF2B85C-4677-4A0D-87AA-971E7F11E2C5}"
EndProject
Global
	GlobalSection(SolutionConfigurationPlatforms) = preSolution
		Debug|Any CPU = Debug|Any CPU
		Release|Any CPU = Release|Any CPU
	EndGlobalSection
	GlobalSection(ProjectConfigurationPlatforms) = postSolution
		{CBF2B85C-4677-4A0D-87AA-971E7F11E2C5}.Debug|Any CPU.ActiveCfg = Debug|Any CPU
		{CBF2B85C-4677-4A0D-87AA-971E7F11E2C5}.Debug|Any CPU.Build.0 = Debug|Any CPU
		{CBF2B85C-4677-4A0D-87AA-971E7F11E2C5}.Release|Any CPU.ActiveCfg = Release|Any CPU
		{CBF2B85C-4677-4A0D-87AA-971E7F11E2C5}.Release|Any CPU.Build.0 = Release|Any CPU
	EndGlobalSection
	GlobalSection(SolutionProperties) = preSolution
		HideSolutionNode = FALSE
	EndGlobalSection
	GlobalSection(ExtensibilityGlobals) = postSolution
		SolutionGuid = {4491426B-B874-4634-8AAC-337CDC3B429A}
	EndGlobalSection
EndGlobal
